github.com/gholib/bank v0.0.0-20200926045646-2d4bf7d1526e h1:P3SuYndaHJMJc4JJ8uU1flD8uZ3JihcB46W1HKZxmp4=
github.com/gholib/bank v0.0.0-20200926045646-2d4bf7d1526e/go.mod h1:dABhlVWHWhDIiF+L7OzudIOKX5eShpIjSqm3RTDUR6A=
github.com/gholib/bank v0.0.0-20200926050944-a55094090312 h1:HCqZ6FOW3bOFH1C3HuA4ONlgYHpj6VeDLENl1Amcz+g=
github.com/gholib/bank v0.0.0-20200926050944-a55094090312/go.mod h1:dABhlVWHWhDIiF+L7OzudIOKX5eShpIjSqm3RTDUR6A=
