github.com/gholib/bank v0.0.0-20200926050944-a55094090312 h1:HCqZ6FOW3bOFH1C3HuA4ONlgYHpj6VeDLENl1Amcz+g=
github.com/gholib/bank v0.0.0-20200926050944-a55094090312/go.mod h1:dABhlVWHWhDIiF+L7OzudIOKX5eShpIjSqm3RTDUR6A=
github.com/gholib/bank/v2 v2.0.0 h1:IaJ1r4Nb2Y+BW+rXTE3KHMGWDz6oxTSpZwcuAFd3BHw=
github.com/gholib/bank/v2 v2.0.0/go.mod h1:Li/pMlQoEBMcBVaZEjrfSYCvOmzIif0TkM4tYaS1ohI=
github.com/gholib/stats v1.0.0 h1:flo2eKWPALairXjP8UCkujLOdUonddnXmKM4h90Tp2I=
github.com/gholib/stats v1.0.0/go.mod h1:k4Yk2D2HVh3jpMRnVc9wvnJRDjmDi7P+DGh/lBX3LV4=
